
Microsoft Visual Studio Solution File, Format Version 12.00
# Visual Studio 14
VisualStudioVersion = 14.0.25123.0
MinimumVisualStudioVersion = 10.0.40219.1
Project("{FAE04EC0-301F-11D3-BF4B-00C04F79EFBC}") = "SDSS", "Projects\SDSS\SDSS.csproj", "{F53A2B8A-D236-44F5-84AB-E3C0A5D17981}"
EndProject
Project("{FAE04EC0-301F-11D3-BF4B-00C04F79EFBC}") = "eZstd", "..\eZstd\Projects\eZstd\eZstd.csproj", "{FB9B6528-5424-4B7A-AEBA-6733450DC44B}"
EndProject
Global
	GlobalSection(SolutionConfigurationPlatforms) = preSolution
		Debug|Any CPU = Debug|Any CPU
		Debug|x64 = Debug|x64
		Release|Any CPU = Release|Any CPU
		Release|x64 = Release|x64
	EndGlobalSection
	GlobalSection(ProjectConfigurationPlatforms) = postSolution
		{F53A2B8A-D236-44F5-84AB-E3C0A5D17981}.Debug|Any CPU.ActiveCfg = Debug|Any CPU
		{F53A2B8A-D236-44F5-84AB-E3C0A5D17981}.Debug|Any CPU.Build.0 = Debug|Any CPU
		{F53A2B8A-D236-44F5-84AB-E3C0A5D17981}.Debug|x64.ActiveCfg = Debug|Any CPU
		{F53A2B8A-D236-44F5-84AB-E3C0A5D17981}.Debug|x64.Build.0 = Debug|Any CPU
		{F53A2B8A-D236-44F5-84AB-E3C0A5D17981}.Release|Any CPU.ActiveCfg = Release|Any CPU
		{F53A2B8A-D236-44F5-84AB-E3C0A5D17981}.Release|Any CPU.Build.0 = Release|Any CPU
		{F53A2B8A-D236-44F5-84AB-E3C0A5D17981}.Release|x64.ActiveCfg = Release|Any CPU
		{F53A2B8A-D236-44F5-84AB-E3C0A5D17981}.Release|x64.Build.0 = Release|Any CPU
		{FB9B6528-5424-4B7A-AEBA-6733450DC44B}.Debug|Any CPU.ActiveCfg = Debug|Any CPU
		{FB9B6528-5424-4B7A-AEBA-6733450DC44B}.Debug|Any CPU.Build.0 = Debug|Any CPU
		{FB9B6528-5424-4B7A-AEBA-6733450DC44B}.Debug|x64.ActiveCfg = Debug|x64
		{FB9B6528-5424-4B7A-AEBA-6733450DC44B}.Debug|x64.Build.0 = Debug|x64
		{FB9B6528-5424-4B7A-AEBA-6733450DC44B}.Release|Any CPU.ActiveCfg = Release|Any CPU
		{FB9B6528-5424-4B7A-AEBA-6733450DC44B}.Release|Any CPU.Build.0 = Release|Any CPU
		{FB9B6528-5424-4B7A-AEBA-6733450DC44B}.Release|x64.ActiveCfg = Release|x64
		{FB9B6528-5424-4B7A-AEBA-6733450DC44B}.Release|x64.Build.0 = Release|x64
	EndGlobalSection
	GlobalSection(SolutionProperties) = preSolution
		HideSolutionNode = FALSE
	EndGlobalSection
EndGlobal
